// !$*UTF8*$!
{
	archiveVersion = 1;
	classes = {
	};
	objectVersion = 46;
	objects = {

/* Begin PBXBuildFile section */
		2E34FA44279C86FE00A735F9 /* CGPathImage.swift in Sources */ = {isa = PBXBuildFile; fileRef = 2EFEF6981DD8D5F000EA383E /* CGPathImage.swift */; };
		2E34FA45279C86FE00A735F9 /* CGPath+Intersections.swift in Sources */ = {isa = PBXBuildFile; fileRef = 2EFEF69A1DD8E03200EA383E /* CGPath+Intersections.swift */; };
		2E34FA46279C86FE00A735F9 /* CGPathImage+RawPixels.swift in Sources */ = {isa = PBXBuildFile; fileRef = 2EFEF69E1DD8F6BD00EA383E /* CGPathImage+RawPixels.swift */; };
		2E34FA47279C86FE00A735F9 /* Array+CoalescePoints.swift in Sources */ = {isa = PBXBuildFile; fileRef = 2EFEF6A01DD8FFE400EA383E /* Array+CoalescePoints.swift */; };
		2E34FA50279C874C00A735F9 /* CGPathIntersection.framework in Frameworks */ = {isa = PBXBuildFile; fileRef = 2E34FA3D279C86F400A735F9 /* CGPathIntersection.framework */; };
		2E34FA56279C875100A735F9 /* CGPathIntersectionTests.swift in Sources */ = {isa = PBXBuildFile; fileRef = 2EFEF68C1DD8D48800EA383E /* CGPathIntersectionTests.swift */; };
		2E34FA58279CC25000A735F9 /* PlatformImage.swift in Sources */ = {isa = PBXBuildFile; fileRef = 2E34FA57279CC25000A735F9 /* PlatformImage.swift */; };
		2E34FA59279CC39C00A735F9 /* PlatformImage.swift in Sources */ = {isa = PBXBuildFile; fileRef = 2E34FA57279CC25000A735F9 /* PlatformImage.swift */; };
		2EBDE01B27A5BCD3007A1031 /* CGPathIntersection.framework in Frameworks */ = {isa = PBXBuildFile; fileRef = 2EBDE01327A5BCD3007A1031 /* CGPathIntersection.framework */; };
		2EBDE02827A5BCE0007A1031 /* CGPathIntersectionTests.swift in Sources */ = {isa = PBXBuildFile; fileRef = 2EFEF68C1DD8D48800EA383E /* CGPathIntersectionTests.swift */; };
		2EBDE02927A5BCE3007A1031 /* Array+CoalescePoints.swift in Sources */ = {isa = PBXBuildFile; fileRef = 2EFEF6A01DD8FFE400EA383E /* Array+CoalescePoints.swift */; };
		2EBDE02A27A5BCE3007A1031 /* PlatformImage.swift in Sources */ = {isa = PBXBuildFile; fileRef = 2E34FA57279CC25000A735F9 /* PlatformImage.swift */; };
		2EBDE02B27A5BCE3007A1031 /* CGPath+Intersections.swift in Sources */ = {isa = PBXBuildFile; fileRef = 2EFEF69A1DD8E03200EA383E /* CGPath+Intersections.swift */; };
		2EBDE02C27A5BCE3007A1031 /* CGPathImage.swift in Sources */ = {isa = PBXBuildFile; fileRef = 2EFEF6981DD8D5F000EA383E /* CGPathImage.swift */; };
		2EBDE02D27A5BCE3007A1031 /* CGPathImage+RawPixels.swift in Sources */ = {isa = PBXBuildFile; fileRef = 2EFEF69E1DD8F6BD00EA383E /* CGPathImage+RawPixels.swift */; };
		2EFEF6881DD8D48800EA383E /* CGPathIntersection.framework in Frameworks */ = {isa = PBXBuildFile; fileRef = 2EFEF67E1DD8D48800EA383E /* CGPathIntersection.framework */; };
		2EFEF68D1DD8D48800EA383E /* CGPathIntersectionTests.swift in Sources */ = {isa = PBXBuildFile; fileRef = 2EFEF68C1DD8D48800EA383E /* CGPathIntersectionTests.swift */; };
		2EFEF6991DD8D5F000EA383E /* CGPathImage.swift in Sources */ = {isa = PBXBuildFile; fileRef = 2EFEF6981DD8D5F000EA383E /* CGPathImage.swift */; };
		2EFEF69B1DD8E03200EA383E /* CGPath+Intersections.swift in Sources */ = {isa = PBXBuildFile; fileRef = 2EFEF69A1DD8E03200EA383E /* CGPath+Intersections.swift */; };
		2EFEF69F1DD8F6BD00EA383E /* CGPathImage+RawPixels.swift in Sources */ = {isa = PBXBuildFile; fileRef = 2EFEF69E1DD8F6BD00EA383E /* CGPathImage+RawPixels.swift */; };
		2EFEF6A11DD8FFE400EA383E /* Array+CoalescePoints.swift in Sources */ = {isa = PBXBuildFile; fileRef = 2EFEF6A01DD8FFE400EA383E /* Array+CoalescePoints.swift */; };
/* End PBXBuildFile section */

/* Begin PBXContainerItemProxy section */
		2E34FA51279C874C00A735F9 /* PBXContainerItemProxy */ = {
			isa = PBXContainerItemProxy;
			containerPortal = 2EFEF6751DD8D48800EA383E /* Project object */;
			proxyType = 1;
			remoteGlobalIDString = 2E34FA3C279C86F400A735F9;
			remoteInfo = "CGPathIntersection-macOS";
		};
		2EBDE01C27A5BCD3007A1031 /* PBXContainerItemProxy */ = {
			isa = PBXContainerItemProxy;
			containerPortal = 2EFEF6751DD8D48800EA383E /* Project object */;
			proxyType = 1;
			remoteGlobalIDString = 2EBDE01227A5BCD3007A1031;
			remoteInfo = "CGPathIntersection-tvOS";
		};
		2EFEF6891DD8D48800EA383E /* PBXContainerItemProxy */ = {
			isa = PBXContainerItemProxy;
			containerPortal = 2EFEF6751DD8D48800EA383E /* Project object */;
			proxyType = 1;
			remoteGlobalIDString = 2EFEF67D1DD8D48800EA383E;
			remoteInfo = CGPathIntersection;
		};
/* End PBXContainerItemProxy section */

/* Begin PBXFileReference section */
		2E34FA3D279C86F400A735F9 /* CGPathIntersection.framework */ = {isa = PBXFileReference; explicitFileType = wrapper.framework; includeInIndex = 0; path = CGPathIntersection.framework; sourceTree = BUILT_PRODUCTS_DIR; };
		2E34FA4C279C874C00A735F9 /* CGPathIntersectionTests-macOS.xctest */ = {isa = PBXFileReference; explicitFileType = wrapper.cfbundle; includeInIndex = 0; path = "CGPathIntersectionTests-macOS.xctest"; sourceTree = BUILT_PRODUCTS_DIR; };
		2E34FA57279CC25000A735F9 /* PlatformImage.swift */ = {isa = PBXFileReference; lastKnownFileType = sourcecode.swift; path = PlatformImage.swift; sourceTree = "<group>"; };
		2EBDE01327A5BCD3007A1031 /* CGPathIntersection.framework */ = {isa = PBXFileReference; explicitFileType = wrapper.framework; includeInIndex = 0; path = CGPathIntersection.framework; sourceTree = BUILT_PRODUCTS_DIR; };
		2EBDE01A27A5BCD3007A1031 /* CGPathIntersection-tvOSTests.xctest */ = {isa = PBXFileReference; explicitFileType = wrapper.cfbundle; includeInIndex = 0; path = "CGPathIntersection-tvOSTests.xctest"; sourceTree = BUILT_PRODUCTS_DIR; };
		2EFEF67E1DD8D48800EA383E /* CGPathIntersection.framework */ = {isa = PBXFileReference; explicitFileType = wrapper.framework; includeInIndex = 0; path = CGPathIntersection.framework; sourceTree = BUILT_PRODUCTS_DIR; };
		2EFEF6821DD8D48800EA383E /* Info.plist */ = {isa = PBXFileReference; lastKnownFileType = text.plist.xml; path = Info.plist; sourceTree = "<group>"; };
		2EFEF6871DD8D48800EA383E /* CGPathIntersectionTests-iOS.xctest */ = {isa = PBXFileReference; explicitFileType = wrapper.cfbundle; includeInIndex = 0; path = "CGPathIntersectionTests-iOS.xctest"; sourceTree = BUILT_PRODUCTS_DIR; };
		2EFEF68C1DD8D48800EA383E /* CGPathIntersectionTests.swift */ = {isa = PBXFileReference; lastKnownFileType = sourcecode.swift; path = CGPathIntersectionTests.swift; sourceTree = "<group>"; };
		2EFEF68E1DD8D48800EA383E /* Info.plist */ = {isa = PBXFileReference; lastKnownFileType = text.plist.xml; path = Info.plist; sourceTree = "<group>"; };
		2EFEF6981DD8D5F000EA383E /* CGPathImage.swift */ = {isa = PBXFileReference; fileEncoding = 4; lastKnownFileType = sourcecode.swift; path = CGPathImage.swift; sourceTree = "<group>"; };
		2EFEF69A1DD8E03200EA383E /* CGPath+Intersections.swift */ = {isa = PBXFileReference; fileEncoding = 4; lastKnownFileType = sourcecode.swift; path = "CGPath+Intersections.swift"; sourceTree = "<group>"; };
		2EFEF69E1DD8F6BD00EA383E /* CGPathImage+RawPixels.swift */ = {isa = PBXFileReference; fileEncoding = 4; lastKnownFileType = sourcecode.swift; path = "CGPathImage+RawPixels.swift"; sourceTree = "<group>"; };
		2EFEF6A01DD8FFE400EA383E /* Array+CoalescePoints.swift */ = {isa = PBXFileReference; fileEncoding = 4; lastKnownFileType = sourcecode.swift; path = "Array+CoalescePoints.swift"; sourceTree = "<group>"; };
/* End PBXFileReference section */

/* Begin PBXFrameworksBuildPhase section */
		2E34FA3A279C86F400A735F9 /* Frameworks */ = {
			isa = PBXFrameworksBuildPhase;
			buildActionMask = 2147483647;
			files = (
			);
			runOnlyForDeploymentPostprocessing = 0;
		};
		2E34FA49279C874C00A735F9 /* Frameworks */ = {
			isa = PBXFrameworksBuildPhase;
			buildActionMask = 2147483647;
			files = (
				2E34FA50279C874C00A735F9 /* CGPathIntersection.framework in Frameworks */,
			);
			runOnlyForDeploymentPostprocessing = 0;
		};
		2EBDE01027A5BCD3007A1031 /* Frameworks */ = {
			isa = PBXFrameworksBuildPhase;
			buildActionMask = 2147483647;
			files = (
			);
			runOnlyForDeploymentPostprocessing = 0;
		};
		2EBDE01727A5BCD3007A1031 /* Frameworks */ = {
			isa = PBXFrameworksBuildPhase;
			buildActionMask = 2147483647;
			files = (
				2EBDE01B27A5BCD3007A1031 /* CGPathIntersection.framework in Frameworks */,
			);
			runOnlyForDeploymentPostprocessing = 0;
		};
		2EFEF67A1DD8D48800EA383E /* Frameworks */ = {
			isa = PBXFrameworksBuildPhase;
			buildActionMask = 2147483647;
			files = (
			);
			runOnlyForDeploymentPostprocessing = 0;
		};
		2EFEF6841DD8D48800EA383E /* Frameworks */ = {
			isa = PBXFrameworksBuildPhase;
			buildActionMask = 2147483647;
			files = (
				2EFEF6881DD8D48800EA383E /* CGPathIntersection.framework in Frameworks */,
			);
			runOnlyForDeploymentPostprocessing = 0;
		};
/* End PBXFrameworksBuildPhase section */

/* Begin PBXGroup section */
		2EFEF6741DD8D48800EA383E = {
			isa = PBXGroup;
			children = (
				2EFEF6801DD8D48800EA383E /* CGPathIntersection */,
				2EFEF68B1DD8D48800EA383E /* CGPathIntersectionTests */,
				2EFEF67F1DD8D48800EA383E /* Products */,
			);
			sourceTree = "<group>";
		};
		2EFEF67F1DD8D48800EA383E /* Products */ = {
			isa = PBXGroup;
			children = (
				2EFEF67E1DD8D48800EA383E /* CGPathIntersection.framework */,
				2EFEF6871DD8D48800EA383E /* CGPathIntersectionTests-iOS.xctest */,
				2E34FA3D279C86F400A735F9 /* CGPathIntersection.framework */,
				2E34FA4C279C874C00A735F9 /* CGPathIntersectionTests-macOS.xctest */,
				2EBDE01327A5BCD3007A1031 /* CGPathIntersection.framework */,
				2EBDE01A27A5BCD3007A1031 /* CGPathIntersection-tvOSTests.xctest */,
			);
			name = Products;
			sourceTree = "<group>";
		};
		2EFEF6801DD8D48800EA383E /* CGPathIntersection */ = {
			isa = PBXGroup;
			children = (
				2EFEF6821DD8D48800EA383E /* Info.plist */,
				2EFEF6981DD8D5F000EA383E /* CGPathImage.swift */,
				2EFEF69A1DD8E03200EA383E /* CGPath+Intersections.swift */,
				2EFEF69E1DD8F6BD00EA383E /* CGPathImage+RawPixels.swift */,
				2EFEF6A01DD8FFE400EA383E /* Array+CoalescePoints.swift */,
				2E34FA57279CC25000A735F9 /* PlatformImage.swift */,
			);
			path = CGPathIntersection;
			sourceTree = "<group>";
		};
		2EFEF68B1DD8D48800EA383E /* CGPathIntersectionTests */ = {
			isa = PBXGroup;
			children = (
				2EFEF68C1DD8D48800EA383E /* CGPathIntersectionTests.swift */,
				2EFEF68E1DD8D48800EA383E /* Info.plist */,
			);
			path = CGPathIntersectionTests;
			sourceTree = "<group>";
		};
/* End PBXGroup section */

/* Begin PBXHeadersBuildPhase section */
		2E34FA38279C86F400A735F9 /* Headers */ = {
			isa = PBXHeadersBuildPhase;
			buildActionMask = 2147483647;
			files = (
			);
			runOnlyForDeploymentPostprocessing = 0;
		};
		2EBDE00E27A5BCD3007A1031 /* Headers */ = {
			isa = PBXHeadersBuildPhase;
			buildActionMask = 2147483647;
			files = (
			);
			runOnlyForDeploymentPostprocessing = 0;
		};
		2EFEF67B1DD8D48800EA383E /* Headers */ = {
			isa = PBXHeadersBuildPhase;
			buildActionMask = 2147483647;
			files = (
			);
			runOnlyForDeploymentPostprocessing = 0;
		};
/* End PBXHeadersBuildPhase section */

/* Begin PBXNativeTarget section */
		2E34FA3C279C86F400A735F9 /* CGPathIntersection-macOS */ = {
			isa = PBXNativeTarget;
			buildConfigurationList = 2E34FA41279C86F400A735F9 /* Build configuration list for PBXNativeTarget "CGPathIntersection-macOS" */;
			buildPhases = (
				2E34FA38279C86F400A735F9 /* Headers */,
				2E34FA39279C86F400A735F9 /* Sources */,
				2E34FA3A279C86F400A735F9 /* Frameworks */,
				2E34FA3B279C86F400A735F9 /* Resources */,
			);
			buildRules = (
			);
			dependencies = (
			);
			name = "CGPathIntersection-macOS";
			productName = "CGPathIntersection-macOS";
			productReference = 2E34FA3D279C86F400A735F9 /* CGPathIntersection.framework */;
			productType = "com.apple.product-type.framework";
		};
		2E34FA4B279C874C00A735F9 /* CGPathIntersectionTests-macOS */ = {
			isa = PBXNativeTarget;
			buildConfigurationList = 2E34FA53279C874C00A735F9 /* Build configuration list for PBXNativeTarget "CGPathIntersectionTests-macOS" */;
			buildPhases = (
				2E34FA48279C874C00A735F9 /* Sources */,
				2E34FA49279C874C00A735F9 /* Frameworks */,
				2E34FA4A279C874C00A735F9 /* Resources */,
			);
			buildRules = (
			);
			dependencies = (
				2E34FA52279C874C00A735F9 /* PBXTargetDependency */,
			);
			name = "CGPathIntersectionTests-macOS";
			productName = "CGPathIntersectionTests-macOS";
			productReference = 2E34FA4C279C874C00A735F9 /* CGPathIntersectionTests-macOS.xctest */;
			productType = "com.apple.product-type.bundle.unit-test";
		};
		2EBDE01227A5BCD3007A1031 /* CGPathIntersection-tvOS */ = {
			isa = PBXNativeTarget;
			buildConfigurationList = 2EBDE02627A5BCD3007A1031 /* Build configuration list for PBXNativeTarget "CGPathIntersection-tvOS" */;
			buildPhases = (
				2EBDE00E27A5BCD3007A1031 /* Headers */,
				2EBDE00F27A5BCD3007A1031 /* Sources */,
				2EBDE01027A5BCD3007A1031 /* Frameworks */,
				2EBDE01127A5BCD3007A1031 /* Resources */,
			);
			buildRules = (
			);
			dependencies = (
			);
			name = "CGPathIntersection-tvOS";
			productName = "CGPathIntersection-tvOS";
			productReference = 2EBDE01327A5BCD3007A1031 /* CGPathIntersection.framework */;
			productType = "com.apple.product-type.framework";
		};
		2EBDE01927A5BCD3007A1031 /* CGPathIntersection-tvOSTests */ = {
			isa = PBXNativeTarget;
			buildConfigurationList = 2EBDE02727A5BCD3007A1031 /* Build configuration list for PBXNativeTarget "CGPathIntersection-tvOSTests" */;
			buildPhases = (
				2EBDE01627A5BCD3007A1031 /* Sources */,
				2EBDE01727A5BCD3007A1031 /* Frameworks */,
				2EBDE01827A5BCD3007A1031 /* Resources */,
			);
			buildRules = (
			);
			dependencies = (
				2EBDE01D27A5BCD3007A1031 /* PBXTargetDependency */,
			);
			name = "CGPathIntersection-tvOSTests";
			productName = "CGPathIntersection-tvOSTests";
			productReference = 2EBDE01A27A5BCD3007A1031 /* CGPathIntersection-tvOSTests.xctest */;
			productType = "com.apple.product-type.bundle.unit-test";
		};
		2EFEF67D1DD8D48800EA383E /* CGPathIntersection */ = {
			isa = PBXNativeTarget;
			buildConfigurationList = 2EFEF6921DD8D48800EA383E /* Build configuration list for PBXNativeTarget "CGPathIntersection" */;
			buildPhases = (
				2EFEF6791DD8D48800EA383E /* Sources */,
				2EFEF67A1DD8D48800EA383E /* Frameworks */,
				2EFEF67B1DD8D48800EA383E /* Headers */,
				2EFEF67C1DD8D48800EA383E /* Resources */,
			);
			buildRules = (
			);
			dependencies = (
			);
			name = CGPathIntersection;
			productName = CGPathIntersection;
			productReference = 2EFEF67E1DD8D48800EA383E /* CGPathIntersection.framework */;
			productType = "com.apple.product-type.framework";
		};
		2EFEF6861DD8D48800EA383E /* CGPathIntersectionTests-iOS */ = {
			isa = PBXNativeTarget;
			buildConfigurationList = 2EFEF6951DD8D48800EA383E /* Build configuration list for PBXNativeTarget "CGPathIntersectionTests-iOS" */;
			buildPhases = (
				2EFEF6831DD8D48800EA383E /* Sources */,
				2EFEF6841DD8D48800EA383E /* Frameworks */,
				2EFEF6851DD8D48800EA383E /* Resources */,
			);
			buildRules = (
			);
			dependencies = (
				2EFEF68A1DD8D48800EA383E /* PBXTargetDependency */,
			);
			name = "CGPathIntersectionTests-iOS";
			productName = CGPathIntersectionTests;
			productReference = 2EFEF6871DD8D48800EA383E /* CGPathIntersectionTests-iOS.xctest */;
			productType = "com.apple.product-type.bundle.unit-test";
		};
/* End PBXNativeTarget section */

/* Begin PBXProject section */
		2EFEF6751DD8D48800EA383E /* Project object */ = {
			isa = PBXProject;
			attributes = {
				LastSwiftUpdateCheck = 1300;
				LastUpgradeCheck = 1020;
				ORGANIZATIONNAME = "Cal Stephens";
				TargetAttributes = {
					2E34FA3C279C86F400A735F9 = {
						CreatedOnToolsVersion = 13.0;
						DevelopmentTeam = FZ89A5SZ7C;
						ProvisioningStyle = Automatic;
					};
					2E34FA4B279C874C00A735F9 = {
						CreatedOnToolsVersion = 13.0;
						DevelopmentTeam = FZ89A5SZ7C;
						ProvisioningStyle = Automatic;
					};
					2EBDE01227A5BCD3007A1031 = {
						CreatedOnToolsVersion = 13.0;
						DevelopmentTeam = FZ89A5SZ7C;
						ProvisioningStyle = Automatic;
					};
					2EBDE01927A5BCD3007A1031 = {
						CreatedOnToolsVersion = 13.0;
						DevelopmentTeam = FZ89A5SZ7C;
						ProvisioningStyle = Automatic;
					};
					2EFEF67D1DD8D48800EA383E = {
						CreatedOnToolsVersion = 8.1;
						DevelopmentTeam = FZ89A5SZ7C;
						LastSwiftMigration = 1020;
						ProvisioningStyle = Automatic;
					};
					2EFEF6861DD8D48800EA383E = {
						CreatedOnToolsVersion = 8.1;
						DevelopmentTeam = FZ89A5SZ7C;
						LastSwiftMigration = 0910;
						ProvisioningStyle = Automatic;
					};
				};
			};
			buildConfigurationList = 2EFEF6781DD8D48800EA383E /* Build configuration list for PBXProject "CGPathIntersection" */;
			compatibilityVersion = "Xcode 3.2";
			developmentRegion = en;
			hasScannedForEncodings = 0;
			knownRegions = (
				en,
				Base,
			);
			mainGroup = 2EFEF6741DD8D48800EA383E;
			productRefGroup = 2EFEF67F1DD8D48800EA383E /* Products */;
			projectDirPath = "";
			projectRoot = "";
			targets = (
				2EFEF67D1DD8D48800EA383E /* CGPathIntersection */,
				2EFEF6861DD8D48800EA383E /* CGPathIntersectionTests-iOS */,
				2E34FA3C279C86F400A735F9 /* CGPathIntersection-macOS */,
				2E34FA4B279C874C00A735F9 /* CGPathIntersectionTests-macOS */,
				2EBDE01227A5BCD3007A1031 /* CGPathIntersection-tvOS */,
				2EBDE01927A5BCD3007A1031 /* CGPathIntersection-tvOSTests */,
			);
		};
/* End PBXProject section */

/* Begin PBXResourcesBuildPhase section */
		2E34FA3B279C86F400A735F9 /* Resources */ = {
			isa = PBXResourcesBuildPhase;
			buildActionMask = 2147483647;
			files = (
			);
			runOnlyForDeploymentPostprocessing = 0;
		};
		2E34FA4A279C874C00A735F9 /* Resources */ = {
			isa = PBXResourcesBuildPhase;
			buildActionMask = 2147483647;
			files = (
			);
			runOnlyForDeploymentPostprocessing = 0;
		};
		2EBDE01127A5BCD3007A1031 /* Resources */ = {
			isa = PBXResourcesBuildPhase;
			buildActionMask = 2147483647;
			files = (
			);
			runOnlyForDeploymentPostprocessing = 0;
		};
		2EBDE01827A5BCD3007A1031 /* Resources */ = {
			isa = PBXResourcesBuildPhase;
			buildActionMask = 2147483647;
			files = (
			);
			runOnlyForDeploymentPostprocessing = 0;
		};
		2EFEF67C1DD8D48800EA383E /* Resources */ = {
			isa = PBXResourcesBuildPhase;
			buildActionMask = 2147483647;
			files = (
			);
			runOnlyForDeploymentPostprocessing = 0;
		};
		2EFEF6851DD8D48800EA383E /* Resources */ = {
			isa = PBXResourcesBuildPhase;
			buildActionMask = 2147483647;
			files = (
			);
			runOnlyForDeploymentPostprocessing = 0;
		};
/* End PBXResourcesBuildPhase section */

/* Begin PBXSourcesBuildPhase section */
		2E34FA39279C86F400A735F9 /* Sources */ = {
			isa = PBXSourcesBuildPhase;
			buildActionMask = 2147483647;
			files = (
				2E34FA44279C86FE00A735F9 /* CGPathImage.swift in Sources */,
				2E34FA45279C86FE00A735F9 /* CGPath+Intersections.swift in Sources */,
				2E34FA46279C86FE00A735F9 /* CGPathImage+RawPixels.swift in Sources */,
				2E34FA59279CC39C00A735F9 /* PlatformImage.swift in Sources */,
				2E34FA47279C86FE00A735F9 /* Array+CoalescePoints.swift in Sources */,
			);
			runOnlyForDeploymentPostprocessing = 0;
		};
		2E34FA48279C874C00A735F9 /* Sources */ = {
			isa = PBXSourcesBuildPhase;
			buildActionMask = 2147483647;
			files = (
				2E34FA56279C875100A735F9 /* CGPathIntersectionTests.swift in Sources */,
			);
			runOnlyForDeploymentPostprocessing = 0;
		};
		2EBDE00F27A5BCD3007A1031 /* Sources */ = {
			isa = PBXSourcesBuildPhase;
			buildActionMask = 2147483647;
			files = (
				2EBDE02A27A5BCE3007A1031 /* PlatformImage.swift in Sources */,
				2EBDE02927A5BCE3007A1031 /* Array+CoalescePoints.swift in Sources */,
				2EBDE02D27A5BCE3007A1031 /* CGPathImage+RawPixels.swift in Sources */,
				2EBDE02C27A5BCE3007A1031 /* CGPathImage.swift in Sources */,
				2EBDE02B27A5BCE3007A1031 /* CGPath+Intersections.swift in Sources */,
			);
			runOnlyForDeploymentPostprocessing = 0;
		};
		2EBDE01627A5BCD3007A1031 /* Sources */ = {
			isa = PBXSourcesBuildPhase;
			buildActionMask = 2147483647;
			files = (
				2EBDE02827A5BCE0007A1031 /* CGPathIntersectionTests.swift in Sources */,
			);
			runOnlyForDeploymentPostprocessing = 0;
		};
		2EFEF6791DD8D48800EA383E /* Sources */ = {
			isa = PBXSourcesBuildPhase;
			buildActionMask = 2147483647;
			files = (
				2EFEF6991DD8D5F000EA383E /* CGPathImage.swift in Sources */,
				2EFEF69B1DD8E03200EA383E /* CGPath+Intersections.swift in Sources */,
				2EFEF69F1DD8F6BD00EA383E /* CGPathImage+RawPixels.swift in Sources */,
				2E34FA58279CC25000A735F9 /* PlatformImage.swift in Sources */,
				2EFEF6A11DD8FFE400EA383E /* Array+CoalescePoints.swift in Sources */,
			);
			runOnlyForDeploymentPostprocessing = 0;
		};
		2EFEF6831DD8D48800EA383E /* Sources */ = {
			isa = PBXSourcesBuildPhase;
			buildActionMask = 2147483647;
			files = (
				2EFEF68D1DD8D48800EA383E /* CGPathIntersectionTests.swift in Sources */,
			);
			runOnlyForDeploymentPostprocessing = 0;
		};
/* End PBXSourcesBuildPhase section */

/* Begin PBXTargetDependency section */
		2E34FA52279C874C00A735F9 /* PBXTargetDependency */ = {
			isa = PBXTargetDependency;
			target = 2E34FA3C279C86F400A735F9 /* CGPathIntersection-macOS */;
			targetProxy = 2E34FA51279C874C00A735F9 /* PBXContainerItemProxy */;
		};
		2EBDE01D27A5BCD3007A1031 /* PBXTargetDependency */ = {
			isa = PBXTargetDependency;
			target = 2EBDE01227A5BCD3007A1031 /* CGPathIntersection-tvOS */;
			targetProxy = 2EBDE01C27A5BCD3007A1031 /* PBXContainerItemProxy */;
		};
		2EFEF68A1DD8D48800EA383E /* PBXTargetDependency */ = {
			isa = PBXTargetDependency;
			target = 2EFEF67D1DD8D48800EA383E /* CGPathIntersection */;
			targetProxy = 2EFEF6891DD8D48800EA383E /* PBXContainerItemProxy */;
		};
/* End PBXTargetDependency section */

/* Begin XCBuildConfiguration section */
		2E34FA42279C86F400A735F9 /* Debug */ = {
			isa = XCBuildConfiguration;
			buildSettings = {
				CLANG_ANALYZER_NUMBER_OBJECT_CONVERSION = YES_AGGRESSIVE;
				CLANG_CXX_LANGUAGE_STANDARD = "gnu++17";
				CLANG_ENABLE_OBJC_WEAK = YES;
				CLANG_WARN_QUOTED_INCLUDE_IN_FRAMEWORK_HEADER = YES;
				CLANG_WARN_UNGUARDED_AVAILABILITY = YES_AGGRESSIVE;
				CODE_SIGN_STYLE = Automatic;
				COMBINE_HIDPI_IMAGES = YES;
				CURRENT_PROJECT_VERSION = 1;
				DEFINES_MODULE = YES;
				DEVELOPMENT_TEAM = FZ89A5SZ7C;
				DYLIB_COMPATIBILITY_VERSION = 1;
				DYLIB_CURRENT_VERSION = 1;
				DYLIB_INSTALL_NAME_BASE = "@rpath";
				GCC_C_LANGUAGE_STANDARD = gnu11;
				GENERATE_INFOPLIST_FILE = YES;
				INFOPLIST_KEY_NSHumanReadableCopyright = "Copyright © 2022 Cal Stephens. All rights reserved.";
				INSTALL_PATH = "$(LOCAL_LIBRARY_DIR)/Frameworks";
				LD_RUNPATH_SEARCH_PATHS = "$(inherited) @executable_path/../Frameworks @loader_path/Frameworks";
				MACOSX_DEPLOYMENT_TARGET = 10.10;
				MARKETING_VERSION = 4.0;
				MTL_ENABLE_DEBUG_INFO = INCLUDE_SOURCE;
				MTL_FAST_MATH = YES;
				PRODUCT_BUNDLE_IDENTIFIER = tech.calstephens.CGPathIntersection;
				PRODUCT_MODULE_NAME = CGPathIntersection;
				PRODUCT_NAME = CGPathIntersection;
				SDKROOT = macosx;
				SKIP_INSTALL = YES;
				SWIFT_EMIT_LOC_STRINGS = YES;
				SWIFT_VERSION = 5.0;
			};
			name = Debug;
		};
		2E34FA43279C86F400A735F9 /* Release */ = {
			isa = XCBuildConfiguration;
			buildSettings = {
				CLANG_ANALYZER_NUMBER_OBJECT_CONVERSION = YES_AGGRESSIVE;
				CLANG_CXX_LANGUAGE_STANDARD = "gnu++17";
				CLANG_ENABLE_OBJC_WEAK = YES;
				CLANG_WARN_QUOTED_INCLUDE_IN_FRAMEWORK_HEADER = YES;
				CLANG_WARN_UNGUARDED_AVAILABILITY = YES_AGGRESSIVE;
				CODE_SIGN_STYLE = Automatic;
				COMBINE_HIDPI_IMAGES = YES;
				CURRENT_PROJECT_VERSION = 1;
				DEFINES_MODULE = YES;
				DEVELOPMENT_TEAM = FZ89A5SZ7C;
				DYLIB_COMPATIBILITY_VERSION = 1;
				DYLIB_CURRENT_VERSION = 1;
				DYLIB_INSTALL_NAME_BASE = "@rpath";
				GCC_C_LANGUAGE_STANDARD = gnu11;
				GENERATE_INFOPLIST_FILE = YES;
				INFOPLIST_KEY_NSHumanReadableCopyright = "Copyright © 2022 Cal Stephens. All rights reserved.";
				INSTALL_PATH = "$(LOCAL_LIBRARY_DIR)/Frameworks";
				LD_RUNPATH_SEARCH_PATHS = "$(inherited) @executable_path/../Frameworks @loader_path/Frameworks";
				MACOSX_DEPLOYMENT_TARGET = 10.10;
				MARKETING_VERSION = 4.0;
				MTL_FAST_MATH = YES;
				PRODUCT_BUNDLE_IDENTIFIER = tech.calstephens.CGPathIntersection;
				PRODUCT_MODULE_NAME = CGPathIntersection;
				PRODUCT_NAME = CGPathIntersection;
				SDKROOT = macosx;
				SKIP_INSTALL = YES;
				SWIFT_EMIT_LOC_STRINGS = YES;
				SWIFT_VERSION = 5.0;
			};
			name = Release;
		};
		2E34FA54279C874C00A735F9 /* Debug */ = {
			isa = XCBuildConfiguration;
			buildSettings = {
				CLANG_ANALYZER_NUMBER_OBJECT_CONVERSION = YES_AGGRESSIVE;
				CLANG_CXX_LANGUAGE_STANDARD = "gnu++17";
				CLANG_ENABLE_OBJC_WEAK = YES;
				CLANG_WARN_QUOTED_INCLUDE_IN_FRAMEWORK_HEADER = YES;
				CLANG_WARN_UNGUARDED_AVAILABILITY = YES_AGGRESSIVE;
				CODE_SIGN_STYLE = Automatic;
				COMBINE_HIDPI_IMAGES = YES;
				CURRENT_PROJECT_VERSION = 1;
				DEVELOPMENT_TEAM = FZ89A5SZ7C;
				GCC_C_LANGUAGE_STANDARD = gnu11;
				GENERATE_INFOPLIST_FILE = YES;
				LD_RUNPATH_SEARCH_PATHS = "$(inherited) @executable_path/../Frameworks @loader_path/../Frameworks";
				MACOSX_DEPLOYMENT_TARGET = 11.6;
				MARKETING_VERSION = 1.0;
				MTL_ENABLE_DEBUG_INFO = INCLUDE_SOURCE;
				MTL_FAST_MATH = YES;
				PRODUCT_BUNDLE_IDENTIFIER = "tech.calstephens.CGPathIntersectionTests-macOS";
				PRODUCT_NAME = "$(TARGET_NAME)";
				SDKROOT = macosx;
				SWIFT_EMIT_LOC_STRINGS = NO;
				SWIFT_VERSION = 5.0;
			};
			name = Debug;
		};
		2E34FA55279C874C00A735F9 /* Release */ = {
			isa = XCBuildConfiguration;
			buildSettings = {
				CLANG_ANALYZER_NUMBER_OBJECT_CONVERSION = YES_AGGRESSIVE;
				CLANG_CXX_LANGUAGE_STANDARD = "gnu++17";
				CLANG_ENABLE_OBJC_WEAK = YES;
				CLANG_WARN_QUOTED_INCLUDE_IN_FRAMEWORK_HEADER = YES;
				CLANG_WARN_UNGUARDED_AVAILABILITY = YES_AGGRESSIVE;
				CODE_SIGN_STYLE = Automatic;
				COMBINE_HIDPI_IMAGES = YES;
				CURRENT_PROJECT_VERSION = 1;
				DEVELOPMENT_TEAM = FZ89A5SZ7C;
				GCC_C_LANGUAGE_STANDARD = gnu11;
				GENERATE_INFOPLIST_FILE = YES;
				LD_RUNPATH_SEARCH_PATHS = "$(inherited) @executable_path/../Frameworks @loader_path/../Frameworks";
				MACOSX_DEPLOYMENT_TARGET = 11.6;
				MARKETING_VERSION = 1.0;
				MTL_FAST_MATH = YES;
				PRODUCT_BUNDLE_IDENTIFIER = "tech.calstephens.CGPathIntersectionTests-macOS";
				PRODUCT_NAME = "$(TARGET_NAME)";
				SDKROOT = macosx;
				SWIFT_EMIT_LOC_STRINGS = NO;
				SWIFT_VERSION = 5.0;
			};
			name = Release;
		};
		2EBDE02227A5BCD3007A1031 /* Debug */ = {
			isa = XCBuildConfiguration;
			buildSettings = {
				CLANG_ANALYZER_NUMBER_OBJECT_CONVERSION = YES_AGGRESSIVE;
				CLANG_CXX_LANGUAGE_STANDARD = "gnu++17";
				CLANG_ENABLE_OBJC_WEAK = YES;
				CLANG_WARN_QUOTED_INCLUDE_IN_FRAMEWORK_HEADER = YES;
				CLANG_WARN_UNGUARDED_AVAILABILITY = YES_AGGRESSIVE;
				CODE_SIGN_STYLE = Automatic;
				CURRENT_PROJECT_VERSION = 1;
				DEFINES_MODULE = YES;
				DEVELOPMENT_TEAM = FZ89A5SZ7C;
				DYLIB_COMPATIBILITY_VERSION = 1;
				DYLIB_CURRENT_VERSION = 1;
				DYLIB_INSTALL_NAME_BASE = "@rpath";
				GCC_C_LANGUAGE_STANDARD = gnu11;
				GENERATE_INFOPLIST_FILE = YES;
				INFOPLIST_KEY_NSHumanReadableCopyright = "Copyright © 2022 Cal Stephens. All rights reserved.";
				INSTALL_PATH = "$(LOCAL_LIBRARY_DIR)/Frameworks";
				LD_RUNPATH_SEARCH_PATHS = "$(inherited) @executable_path/Frameworks @loader_path/Frameworks";
				MARKETING_VERSION = 4.0;
				MTL_ENABLE_DEBUG_INFO = INCLUDE_SOURCE;
				MTL_FAST_MATH = YES;
				PRODUCT_BUNDLE_IDENTIFIER = tech.calstephens.CGPathIntersection;
				PRODUCT_NAME = CGPathIntersection;
				SDKROOT = appletvos;
				SKIP_INSTALL = YES;
				SWIFT_EMIT_LOC_STRINGS = YES;
				SWIFT_VERSION = 5.0;
				TARGETED_DEVICE_FAMILY = 3;
				TVOS_DEPLOYMENT_TARGET = 9.0;
			};
			name = Debug;
		};
		2EBDE02327A5BCD3007A1031 /* Release */ = {
			isa = XCBuildConfiguration;
			buildSettings = {
				CLANG_ANALYZER_NUMBER_OBJECT_CONVERSION = YES_AGGRESSIVE;
				CLANG_CXX_LANGUAGE_STANDARD = "gnu++17";
				CLANG_ENABLE_OBJC_WEAK = YES;
				CLANG_WARN_QUOTED_INCLUDE_IN_FRAMEWORK_HEADER = YES;
				CLANG_WARN_UNGUARDED_AVAILABILITY = YES_AGGRESSIVE;
				CODE_SIGN_STYLE = Automatic;
				CURRENT_PROJECT_VERSION = 1;
				DEFINES_MODULE = YES;
				DEVELOPMENT_TEAM = FZ89A5SZ7C;
				DYLIB_COMPATIBILITY_VERSION = 1;
				DYLIB_CURRENT_VERSION = 1;
				DYLIB_INSTALL_NAME_BASE = "@rpath";
				GCC_C_LANGUAGE_STANDARD = gnu11;
				GENERATE_INFOPLIST_FILE = YES;
				INFOPLIST_KEY_NSHumanReadableCopyright = "Copyright © 2022 Cal Stephens. All rights reserved.";
				INSTALL_PATH = "$(LOCAL_LIBRARY_DIR)/Frameworks";
				LD_RUNPATH_SEARCH_PATHS = "$(inherited) @executable_path/Frameworks @loader_path/Frameworks";
				MARKETING_VERSION = 4.0;
				MTL_FAST_MATH = YES;
				PRODUCT_BUNDLE_IDENTIFIER = tech.calstephens.CGPathIntersection;
				PRODUCT_NAME = CGPathIntersection;
				SDKROOT = appletvos;
				SKIP_INSTALL = YES;
				SWIFT_EMIT_LOC_STRINGS = YES;
				SWIFT_VERSION = 5.0;
				TARGETED_DEVICE_FAMILY = 3;
				TVOS_DEPLOYMENT_TARGET = 9.0;
			};
			name = Release;
		};
		2EBDE02427A5BCD3007A1031 /* Debug */ = {
			isa = XCBuildConfiguration;
			buildSettings = {
				ALWAYS_EMBED_SWIFT_STANDARD_LIBRARIES = YES;
				CLANG_ANALYZER_NUMBER_OBJECT_CONVERSION = YES_AGGRESSIVE;
				CLANG_CXX_LANGUAGE_STANDARD = "gnu++17";
				CLANG_ENABLE_OBJC_WEAK = YES;
				CLANG_WARN_QUOTED_INCLUDE_IN_FRAMEWORK_HEADER = YES;
				CLANG_WARN_UNGUARDED_AVAILABILITY = YES_AGGRESSIVE;
				CODE_SIGN_STYLE = Automatic;
				CURRENT_PROJECT_VERSION = 1;
				DEVELOPMENT_TEAM = FZ89A5SZ7C;
				GCC_C_LANGUAGE_STANDARD = gnu11;
				GENERATE_INFOPLIST_FILE = YES;
				LD_RUNPATH_SEARCH_PATHS = "$(inherited) @executable_path/Frameworks @loader_path/Frameworks";
				MARKETING_VERSION = 1.0;
				MTL_ENABLE_DEBUG_INFO = INCLUDE_SOURCE;
				MTL_FAST_MATH = YES;
				PRODUCT_BUNDLE_IDENTIFIER = "tech.calstephens.CGPathIntersection-tvOSTests";
				PRODUCT_NAME = "$(TARGET_NAME)";
				SDKROOT = appletvos;
				SWIFT_EMIT_LOC_STRINGS = NO;
				SWIFT_VERSION = 5.0;
				TARGETED_DEVICE_FAMILY = 3;
				TVOS_DEPLOYMENT_TARGET = 15.0;
			};
			name = Debug;
		};
		2EBDE02527A5BCD3007A1031 /* Release */ = {
			isa = XCBuildConfiguration;
			buildSettings = {
				ALWAYS_EMBED_SWIFT_STANDARD_LIBRARIES = YES;
				CLANG_ANALYZER_NUMBER_OBJECT_CONVERSION = YES_AGGRESSIVE;
				CLANG_CXX_LANGUAGE_STANDARD = "gnu++17";
				CLANG_ENABLE_OBJC_WEAK = YES;
				CLANG_WARN_QUOTED_INCLUDE_IN_FRAMEWORK_HEADER = YES;
				CLANG_WARN_UNGUARDED_AVAILABILITY = YES_AGGRESSIVE;
				CODE_SIGN_STYLE = Automatic;
				CURRENT_PROJECT_VERSION = 1;
				DEVELOPMENT_TEAM = FZ89A5SZ7C;
				GCC_C_LANGUAGE_STANDARD = gnu11;
				GENERATE_INFOPLIST_FILE = YES;
				LD_RUNPATH_SEARCH_PATHS = "$(inherited) @executable_path/Frameworks @loader_path/Frameworks";
				MARKETING_VERSION = 1.0;
				MTL_FAST_MATH = YES;
				PRODUCT_BUNDLE_IDENTIFIER = "tech.calstephens.CGPathIntersection-tvOSTests";
				PRODUCT_NAME = "$(TARGET_NAME)";
				SDKROOT = appletvos;
				SWIFT_EMIT_LOC_STRINGS = NO;
				SWIFT_VERSION = 5.0;
				TARGETED_DEVICE_FAMILY = 3;
				TVOS_DEPLOYMENT_TARGET = 15.0;
			};
			name = Release;
		};
		2EFEF6901DD8D48800EA383E /* Debug */ = {
			isa = XCBuildConfiguration;
			buildSettings = {
				ALWAYS_SEARCH_USER_PATHS = NO;
				CLANG_ANALYZER_LOCALIZABILITY_NONLOCALIZED = YES;
				CLANG_ANALYZER_NONNULL = YES;
				CLANG_CXX_LANGUAGE_STANDARD = "gnu++0x";
				CLANG_CXX_LIBRARY = "libc++";
				CLANG_ENABLE_MODULES = YES;
				CLANG_ENABLE_OBJC_ARC = YES;
				CLANG_WARN_BLOCK_CAPTURE_AUTORELEASING = YES;
				CLANG_WARN_BOOL_CONVERSION = YES;
				CLANG_WARN_COMMA = YES;
				CLANG_WARN_CONSTANT_CONVERSION = YES;
				CLANG_WARN_DEPRECATED_OBJC_IMPLEMENTATIONS = YES;
				CLANG_WARN_DIRECT_OBJC_ISA_USAGE = YES_ERROR;
				CLANG_WARN_DOCUMENTATION_COMMENTS = YES;
				CLANG_WARN_EMPTY_BODY = YES;
				CLANG_WARN_ENUM_CONVERSION = YES;
				CLANG_WARN_INFINITE_RECURSION = YES;
				CLANG_WARN_INT_CONVERSION = YES;
				CLANG_WARN_NON_LITERAL_NULL_CONVERSION = YES;
				CLANG_WARN_OBJC_IMPLICIT_RETAIN_SELF = YES;
				CLANG_WARN_OBJC_LITERAL_CONVERSION = YES;
				CLANG_WARN_OBJC_ROOT_CLASS = YES_ERROR;
				CLANG_WARN_RANGE_LOOP_ANALYSIS = YES;
				CLANG_WARN_STRICT_PROTOTYPES = YES;
				CLANG_WARN_SUSPICIOUS_MOVE = YES;
				CLANG_WARN_SUSPICIOUS_MOVES = YES;
				CLANG_WARN_UNREACHABLE_CODE = YES;
				CLANG_WARN__DUPLICATE_METHOD_MATCH = YES;
				"CODE_SIGN_IDENTITY[sdk=iphoneos*]" = "iPhone Developer";
				COPY_PHASE_STRIP = NO;
				CURRENT_PROJECT_VERSION = 1;
				DEBUG_INFORMATION_FORMAT = dwarf;
				ENABLE_STRICT_OBJC_MSGSEND = YES;
				ENABLE_TESTABILITY = YES;
				GCC_C_LANGUAGE_STANDARD = gnu99;
				GCC_DYNAMIC_NO_PIC = NO;
				GCC_NO_COMMON_BLOCKS = YES;
				GCC_OPTIMIZATION_LEVEL = 0;
				GCC_PREPROCESSOR_DEFINITIONS = (
					"DEBUG=1",
					"$(inherited)",
				);
				GCC_WARN_64_TO_32_BIT_CONVERSION = YES;
				GCC_WARN_ABOUT_RETURN_TYPE = YES_ERROR;
				GCC_WARN_UNDECLARED_SELECTOR = YES;
				GCC_WARN_UNINITIALIZED_AUTOS = YES_AGGRESSIVE;
				GCC_WARN_UNUSED_FUNCTION = YES;
				GCC_WARN_UNUSED_VARIABLE = YES;
				IPHONEOS_DEPLOYMENT_TARGET = 10.1;
				MACOSX_DEPLOYMENT_TARGET = 10.10;
				MTL_ENABLE_DEBUG_INFO = YES;
				ONLY_ACTIVE_ARCH = YES;
				SDKROOT = iphoneos;
				SWIFT_ACTIVE_COMPILATION_CONDITIONS = DEBUG;
				SWIFT_OPTIMIZATION_LEVEL = "-Onone";
				TARGETED_DEVICE_FAMILY = "1,2";
				VERSIONING_SYSTEM = "apple-generic";
				VERSION_INFO_PREFIX = "";
			};
			name = Debug;
		};
		2EFEF6911DD8D48800EA383E /* Release */ = {
			isa = XCBuildConfiguration;
			buildSettings = {
				ALWAYS_SEARCH_USER_PATHS = NO;
				CLANG_ANALYZER_LOCALIZABILITY_NONLOCALIZED = YES;
				CLANG_ANALYZER_NONNULL = YES;
				CLANG_CXX_LANGUAGE_STANDARD = "gnu++0x";
				CLANG_CXX_LIBRARY = "libc++";
				CLANG_ENABLE_MODULES = YES;
				CLANG_ENABLE_OBJC_ARC = YES;
				CLANG_WARN_BLOCK_CAPTURE_AUTORELEASING = YES;
				CLANG_WARN_BOOL_CONVERSION = YES;
				CLANG_WARN_COMMA = YES;
				CLANG_WARN_CONSTANT_CONVERSION = YES;
				CLANG_WARN_DEPRECATED_OBJC_IMPLEMENTATIONS = YES;
				CLANG_WARN_DIRECT_OBJC_ISA_USAGE = YES_ERROR;
				CLANG_WARN_DOCUMENTATION_COMMENTS = YES;
				CLANG_WARN_EMPTY_BODY = YES;
				CLANG_WARN_ENUM_CONVERSION = YES;
				CLANG_WARN_INFINITE_RECURSION = YES;
				CLANG_WARN_INT_CONVERSION = YES;
				CLANG_WARN_NON_LITERAL_NULL_CONVERSION = YES;
				CLANG_WARN_OBJC_IMPLICIT_RETAIN_SELF = YES;
				CLANG_WARN_OBJC_LITERAL_CONVERSION = YES;
				CLANG_WARN_OBJC_ROOT_CLASS = YES_ERROR;
				CLANG_WARN_RANGE_LOOP_ANALYSIS = YES;
				CLANG_WARN_STRICT_PROTOTYPES = YES;
				CLANG_WARN_SUSPICIOUS_MOVE = YES;
				CLANG_WARN_SUSPICIOUS_MOVES = YES;
				CLANG_WARN_UNREACHABLE_CODE = YES;
				CLANG_WARN__DUPLICATE_METHOD_MATCH = YES;
				"CODE_SIGN_IDENTITY[sdk=iphoneos*]" = "iPhone Developer";
				COPY_PHASE_STRIP = NO;
				CURRENT_PROJECT_VERSION = 1;
				DEBUG_INFORMATION_FORMAT = "dwarf-with-dsym";
				ENABLE_NS_ASSERTIONS = NO;
				ENABLE_STRICT_OBJC_MSGSEND = YES;
				GCC_C_LANGUAGE_STANDARD = gnu99;
				GCC_NO_COMMON_BLOCKS = YES;
				GCC_WARN_64_TO_32_BIT_CONVERSION = YES;
				GCC_WARN_ABOUT_RETURN_TYPE = YES_ERROR;
				GCC_WARN_UNDECLARED_SELECTOR = YES;
				GCC_WARN_UNINITIALIZED_AUTOS = YES_AGGRESSIVE;
				GCC_WARN_UNUSED_FUNCTION = YES;
				GCC_WARN_UNUSED_VARIABLE = YES;
				IPHONEOS_DEPLOYMENT_TARGET = 10.1;
				MACOSX_DEPLOYMENT_TARGET = 10.10;
				MTL_ENABLE_DEBUG_INFO = NO;
				SDKROOT = iphoneos;
				SWIFT_OPTIMIZATION_LEVEL = "-Owholemodule";
				TARGETED_DEVICE_FAMILY = "1,2";
				VALIDATE_PRODUCT = YES;
				VERSIONING_SYSTEM = "apple-generic";
				VERSION_INFO_PREFIX = "";
			};
			name = Release;
		};
		2EFEF6931DD8D48800EA383E /* Debug */ = {
			isa = XCBuildConfiguration;
			buildSettings = {
				CLANG_ENABLE_MODULES = YES;
				CODE_SIGN_IDENTITY = "";
				DEFINES_MODULE = YES;
				DEVELOPMENT_TEAM = FZ89A5SZ7C;
				DYLIB_COMPATIBILITY_VERSION = 1;
				DYLIB_CURRENT_VERSION = 1;
				DYLIB_INSTALL_NAME_BASE = "@rpath";
				INFOPLIST_FILE = CGPathIntersection/Info.plist;
				INSTALL_PATH = "$(LOCAL_LIBRARY_DIR)/Frameworks";
				IPHONEOS_DEPLOYMENT_TARGET = 9.0;
				LD_RUNPATH_SEARCH_PATHS = "$(inherited) @executable_path/Frameworks @loader_path/Frameworks";
				MACOSX_DEPLOYMENT_TARGET = 10.15;
				MARKETING_VERSION = 4.0;
				PRODUCT_BUNDLE_IDENTIFIER = tech.calstephens.CGPathIntersection;
				PRODUCT_NAME = "$(TARGET_NAME)";
				SKIP_INSTALL = YES;
				SWIFT_OPTIMIZATION_LEVEL = "-Onone";
				SWIFT_VERSION = 5.0;
			};
			name = Debug;
		};
		2EFEF6941DD8D48800EA383E /* Release */ = {
			isa = XCBuildConfiguration;
			buildSettings = {
				CLANG_ENABLE_MODULES = YES;
				CODE_SIGN_IDENTITY = "";
				DEFINES_MODULE = YES;
				DEVELOPMENT_TEAM = FZ89A5SZ7C;
				DYLIB_COMPATIBILITY_VERSION = 1;
				DYLIB_CURRENT_VERSION = 1;
				DYLIB_INSTALL_NAME_BASE = "@rpath";
				INFOPLIST_FILE = CGPathIntersection/Info.plist;
				INSTALL_PATH = "$(LOCAL_LIBRARY_DIR)/Frameworks";
				IPHONEOS_DEPLOYMENT_TARGET = 9.0;
				LD_RUNPATH_SEARCH_PATHS = "$(inherited) @executable_path/Frameworks @loader_path/Frameworks";
				MACOSX_DEPLOYMENT_TARGET = 10.15;
				MARKETING_VERSION = 4.0;
				PRODUCT_BUNDLE_IDENTIFIER = tech.calstephens.CGPathIntersection;
				PRODUCT_NAME = "$(TARGET_NAME)";
				SKIP_INSTALL = YES;
				SWIFT_VERSION = 5.0;
			};
			name = Release;
		};
		2EFEF6961DD8D48800EA383E /* Debug */ = {
			isa = XCBuildConfiguration;
			buildSettings = {
				ALWAYS_EMBED_SWIFT_STANDARD_LIBRARIES = YES;
				DEVELOPMENT_TEAM = FZ89A5SZ7C;
				INFOPLIST_FILE = CGPathIntersectionTests/Info.plist;
				LD_RUNPATH_SEARCH_PATHS = "$(inherited) @executable_path/Frameworks @loader_path/Frameworks";
				MACOSX_DEPLOYMENT_TARGET = 10.15;
				PRODUCT_BUNDLE_IDENTIFIER = tech.calstephens.CGPathIntersectionTests;
				PRODUCT_NAME = "$(TARGET_NAME)";
				SWIFT_SWIFT3_OBJC_INFERENCE = Off;
				SWIFT_VERSION = 5.0;
				TVOS_DEPLOYMENT_TARGET = 10.1;
			};
			name = Debug;
		};
		2EFEF6971DD8D48800EA383E /* Release */ = {
			isa = XCBuildConfiguration;
			buildSettings = {
				ALWAYS_EMBED_SWIFT_STANDARD_LIBRARIES = YES;
				DEVELOPMENT_TEAM = FZ89A5SZ7C;
				INFOPLIST_FILE = CGPathIntersectionTests/Info.plist;
				LD_RUNPATH_SEARCH_PATHS = "$(inherited) @executable_path/Frameworks @loader_path/Frameworks";
				MACOSX_DEPLOYMENT_TARGET = 10.15;
				PRODUCT_BUNDLE_IDENTIFIER = tech.calstephens.CGPathIntersectionTests;
				PRODUCT_NAME = "$(TARGET_NAME)";
				SWIFT_SWIFT3_OBJC_INFERENCE = Off;
				SWIFT_VERSION = 5.0;
				TVOS_DEPLOYMENT_TARGET = 10.1;
			};
			name = Release;
		};
/* End XCBuildConfiguration section */

/* Begin XCConfigurationList section */
		2E34FA41279C86F400A735F9 /* Build configuration list for PBXNativeTarget "CGPathIntersection-macOS" */ = {
			isa = XCConfigurationList;
			buildConfigurations = (
				2E34FA42279C86F400A735F9 /* Debug */,
				2E34FA43279C86F400A735F9 /* Release */,
			);
			defaultConfigurationIsVisible = 0;
			defaultConfigurationName = Release;
		};
		2E34FA53279C874C00A735F9 /* Build configuration list for PBXNativeTarget "CGPathIntersectionTests-macOS" */ = {
			isa = XCConfigurationList;
			buildConfigurations = (
				2E34FA54279C874C00A735F9 /* Debug */,
				2E34FA55279C874C00A735F9 /* Release */,
			);
			defaultConfigurationIsVisible = 0;
			defaultConfigurationName = Release;
		};
		2EBDE02627A5BCD3007A1031 /* Build configuration list for PBXNativeTarget "CGPathIntersection-tvOS" */ = {
			isa = XCConfigurationList;
			buildConfigurations = (
				2EBDE02227A5BCD3007A1031 /* Debug */,
				2EBDE02327A5BCD3007A1031 /* Release */,
			);
			defaultConfigurationIsVisible = 0;
			defaultConfigurationName = Release;
		};
		2EBDE02727A5BCD3007A1031 /* Build configuration list for PBXNativeTarget "CGPathIntersection-tvOSTests" */ = {
			isa = XCConfigurationList;
			buildConfigurations = (
				2EBDE02427A5BCD3007A1031 /* Debug */,
				2EBDE02527A5BCD3007A1031 /* Release */,
			);
			defaultConfigurationIsVisible = 0;
			defaultConfigurationName = Release;
		};
		2EFEF6781DD8D48800EA383E /* Build configuration list for PBXProject "CGPathIntersection" */ = {
			isa = XCConfigurationList;
			buildConfigurations = (
				2EFEF6901DD8D48800EA383E /* Debug */,
				2EFEF6911DD8D48800EA383E /* Release */,
			);
			defaultConfigurationIsVisible = 0;
			defaultConfigurationName = Release;
		};
		2EFEF6921DD8D48800EA383E /* Build configuration list for PBXNativeTarget "CGPathIntersection" */ = {
			isa = XCConfigurationList;
			buildConfigurations = (
				2EFEF6931DD8D48800EA383E /* Debug */,
				2EFEF6941DD8D48800EA383E /* Release */,
			);
			defaultConfigurationIsVisible = 0;
			defaultConfigurationName = Release;
		};
		2EFEF6951DD8D48800EA383E /* Build configuration list for PBXNativeTarget "CGPathIntersectionTests-iOS" */ = {
			isa = XCConfigurationList;
			buildConfigurations = (
				2EFEF6961DD8D48800EA383E /* Debug */,
				2EFEF6971DD8D48800EA383E /* Release */,
			);
			defaultConfigurationIsVisible = 0;
			defaultConfigurationName = Release;
		};
/* End XCConfigurationList section */
	};
	rootObject = 2EFEF6751DD8D48800EA383E /* Project object */;
}
